
Microsoft Visual Studio Solution File, Format Version 12.00
# Visual Studio Version 16
VisualStudioVersion = 16.0.31702.278
MinimumVisualStudioVersion = 10.0.40219.1
Project("{FAE04EC0-301F-11D3-BF4B-00C04F79EFBC}") = "Grupp_5_Garage_v2", "Grupp_5_Garage_v2.csproj", "{09B6BE15-3BF1-4C04-A99D-4386C08F58F6}"
EndProject
Global
	GlobalSection(SolutionConfigurationPlatforms) = preSolution
		Debug|Any CPU = Debug|Any CPU
		Release|Any CPU = Release|Any CPU
	EndGlobalSection
	GlobalSection(ProjectConfigurationPlatforms) = postSolution
		{09B6BE15-3BF1-4C04-A99D-4386C08F58F6}.Debug|Any CPU.ActiveCfg = Debug|Any CPU
		{09B6BE15-3BF1-4C04-A99D-4386C08F58F6}.Debug|Any CPU.Build.0 = Debug|Any CPU
		{09B6BE15-3BF1-4C04-A99D-4386C08F58F6}.Release|Any CPU.ActiveCfg = Release|Any CPU
		{09B6BE15-3BF1-4C04-A99D-4386C08F58F6}.Release|Any CPU.Build.0 = Release|Any CPU
	EndGlobalSection
	GlobalSection(SolutionProperties) = preSolution
		HideSolutionNode = FALSE
	EndGlobalSection
	GlobalSection(ExtensibilityGlobals) = postSolution
		SolutionGuid = {CC0A4FC3-391C-4D42-B7AC-951E3835082A}
	EndGlobalSection
EndGlobal
